{
    "_meta": {
        "hash": {
            "sha256": "418c5def8077869d35236a48cc79336a299e5cd843382ea083677748d4ffe49d"
        },
        "pipfile-spec": 6,
        "requires": {
            "python_version": "3.9"
        },
        "sources": [
            {
                "name": "pypi",
                "url": "https://pypi.org/simple",
                "verify_ssl": true
            }
        ]
    },
    "default": {
        "absl-py": {
            "hashes": [
                "sha256:526a04eadab8b4ee719ce68f204172ead1027549089702d99b9059f129ff1308",
                "sha256:7820790efbb316739cde8b4e19357243fc3608a152024288513dd968d7d959ff"
            ],
            "markers": "python_version >= '3.7'",
            "version": "==2.1.0"
        },
        "equinox": {
            "hashes": [
                "sha256:0033d9731083f402a855b12a0777a80aa8507651f7aa86d9f0f9503bcddfd320",
                "sha256:a9527b1fe0c4778c3c959d9091b1eea28c3fdcca01790a47e71b47df94889315"
            ],
            "index": "pypi",
            "markers": "python_version ~= '3.9'",
            "version": "==0.11.4"
        },
        "etils": {
            "extras": [
                "epath",
                "epy"
            ],
            "hashes": [
                "sha256:6dc882d355e1e98a5d1a148d6323679dc47c9a5792939b9de72615aa4737eb0b",
                "sha256:ba6a3e1aff95c769130776aa176c11540637f5dd881f3b79172a5149b6b1c446"
            ],
            "markers": "python_version >= '3.9'",
            "version": "==1.5.2"
        },
        "fsspec": {
            "hashes": [
                "sha256:3cb443f8bcd2efb31295a5b9fdb02aee81d8452c80d28f97a6d0959e6cee101e",
                "sha256:fad7d7e209dd4c1208e3bbfda706620e0da5142bebbd9c384afb95b07e798e49"
            ],
            "version": "==2024.6.1"
        },
        "glfw": {
            "hashes": [
                "sha256:0e209ad38fa8c5be67ca590d7b17533d95ad1eb57d0a3f07b98131db69b79000",
                "sha256:20d4b31a5a6a61fb787b25f8408204e0e248313cc500953071d13d30a2e5cc9d",
                "sha256:463aab9e5567c83d8120556b3a845807c60950ed0218fc1283368f46f5ece331",
                "sha256:56ea163c964bb0bc336def2d6a6a1bd42f9db4b870ef834ac77d7b7ee68b8dfc",
                "sha256:a6f54188dfc349e5426b0ada84843f6eb35a3811d8dbf57ae49c448e7d683bb4",
                "sha256:bd82849edcceda4e262bd1227afaa74b94f9f0731c1197863cd25c15bfc613fc",
                "sha256:d8630dd9673860c427abde5b79bbc348e02eccde8a3f2a802c5a2a4fb5d79fb8",
                "sha256:e33568b0aba2045a3d7555f22fcf83fafcacc7c2fc4cb995741894ea51e43ab6",
                "sha256:ff92d14ac1c7afa9c5deb495c335b485868709880e6e080e99ace7026d74c756"
            ],
            "version": "==2.7.0"
        },
        "importlib-metadata": {
            "hashes": [
                "sha256:11901fa0c2f97919b288679932bb64febaeacf289d18ac84dd68cb2e74213369",
                "sha256:72e8d4399996132204f9a16dcc751af254a48f8d1b20b9ff0f98d4a8f901e73d"
            ],
            "markers": "python_version < '3.10'",
            "version": "==8.2.0"
        },
        "importlib-resources": {
            "hashes": [
                "sha256:50d10f043df931902d4194ea07ec57960f66a80449ff867bfe782b4c486ba78c",
                "sha256:cdb2b453b8046ca4e3798eb1d84f3cce1446a0e8e7b5ef4efb600f19fc398145"
            ],
            "version": "==6.4.0"
        },
        "jax": {
            "hashes": [
                "sha256:289b30ae03b52f7f4baf6ef082a9f4e3e29c1080e22d13512c5ecf02d5f1a55b",
                "sha256:94d74b5b2db0d80672b61d83f1f63ebf99d2ab7398ec12b2ca0c9d1e97afe577"
            ],
            "markers": "python_version >= '3.9'",
            "version": "==0.4.30"
        },
        "jaxlib": {
            "hashes": [
                "sha256:0a3850e76278038e21685975a62b622bcf3708485f13125757a0561ee4512940",
                "sha256:11602d5556e8baa2f16314c36518e9be4dfae0c2c256a361403fb29dc9dc79a4",
                "sha256:16b2ab18ea90d2e15941bcf45de37afc2f289a029129c88c8d7aba0404dd0043",
                "sha256:28e032c9b394ab7624d89b0d9d3bbcf4d1d71694fe8b3e09d3fe64122eda7b0c",
                "sha256:3a2e2c11c179f8851a72249ba1ae40ae817dfaee9877d23b3b8f7c6b7a012f76",
                "sha256:3d31e01191ce8052bd611aaf16ff967d8d0ec0b63f1ea4b199020cecb248d667",
                "sha256:4bdfda6a3c7a2b0cc0a7131009eb279e98ca4a6f25679fabb5302dd135a5e349",
                "sha256:54987e97a22db70f3829b437b9329e4799d653634bacc8b398554d3b90c76b2a",
                "sha256:57090d33477fd0f0c99dc686274882ea75c44c7d712ae42dd2460b10f896131d",
                "sha256:7704db5962b32a2be3cc07185433cbbcc94ed90ee50c84021a3f8a1ecfd66ee3",
                "sha256:974998cd8a78550402e6c09935c1f8d850cad9cc19ccd7488bde45b6f7f99c12",
                "sha256:a56678b28f96b524ded6da8ef4b38e72a532356d139cfd434da804abf4234e14",
                "sha256:b7079a5b1ab6864a7d4f2afaa963841451186d22c90f39719a3ff85735ce3915",
                "sha256:bfb5d85b69c29c3c6e8051a0ea715ac1e532d6e54494c8d9c3813dcc00deac30",
                "sha256:c40856e28f300938c6824ab1a615166193d6997dec946578823f6d402ad454e5",
                "sha256:c58a8071c4e00898282118169f6a5a97eb15a79c2897858f3a732b17891c99ab",
                "sha256:d83f36ef42a403bbf7c7f2da526b34ba286988e170f4df5e58b3bb735417868c",
                "sha256:e93eb0646b41ba213252b51b0b69096b9cd1d81a35ea85c9d06663b5d11efe45",
                "sha256:ea3a00005faafbe3c18b178d3b534208b3b4027b2be6230227e7b87ce399fc29",
                "sha256:f74a6b0e09df4b5e2ee399ebb9f0e01190e26e84ccb0a758fadb516415c07f18"
            ],
            "markers": "python_version >= '3.9'",
            "version": "==0.4.30"
        },
        "jaxtyping": {
            "hashes": [
                "sha256:918d6094c73f28d3196185ef55d1832cbcd2804d1d388f180060c4366a9e2107",
                "sha256:9a9cfccae4fe05114b9fb27a5ea5440be4971a5a075bbd0526f6dd7d2730f83e"
            ],
            "markers": "python_version ~= '3.9'",
            "version": "==0.2.33"
        },
        "ml-dtypes": {
            "hashes": [
                "sha256:03e7cda6ef164eed0abb31df69d2c00c3a5ab3e2610b6d4c42183a43329c72a5",
                "sha256:2bb83fd064db43e67e67d021e547698af4c8d5c6190f2e9b1c53c09f6ff5531d",
                "sha256:3b67ec73a697c88c1122038e0de46520e48dc2ec876d42cf61bc5efe3c0b7675",
                "sha256:41affb38fdfe146e3db226cf2953021184d6f0c4ffab52136613e9601706e368",
                "sha256:43cf4356a0fe2eeac6d289018d0734e17a403bdf1fd911953c125dd0358edcc0",
                "sha256:723af6346447268a3cf0b7356e963d80ecb5732b5279b2aa3fa4b9fc8297c85e",
                "sha256:75b4faf99d0711b81f393db36d210b4255fd419f6f790bc6c1b461f95ffb7a9e",
                "sha256:93afe37f3a879d652ec9ef1fc47612388890660a2657fbb5747256c3b818fd81",
                "sha256:a15d96d090aebb55ee85173d1775ae325a001aab607a76c8ea0b964ccd6b5364",
                "sha256:ad6849a2db386b38e4d54fe13eb3293464561780531a918f8ef4c8169170dd49",
                "sha256:bdf689be7351cc3c95110c910c1b864002f113e682e44508910c849e144f3df1",
                "sha256:c83e4d443962d891d51669ff241d5aaad10a8d3d37a81c5532a45419885d591c",
                "sha256:e1e2f4237b459a63c97c2c9f449baa637d7e4c20addff6a9bac486f22432f3b6",
                "sha256:eaa32979ebfde3a0d7c947cafbf79edc1ec77ac05ad0780ee86c1d8df70f2259",
                "sha256:eaf197e72f4f7176a19fe3cb8b61846b38c6757607e7bf9cd4b1d84cd3e74deb",
                "sha256:ee9f91d4c4f9959a7e1051c141dc565f39e54435618152219769e24f5e9a4d06",
                "sha256:f1724ddcdf5edbaf615a62110af47407f1719b8d02e68ccee60683acb5f74da1"
            ],
            "markers": "python_version >= '3.9'",
            "version": "==0.4.0"
        },
        "mujoco": {
            "hashes": [
                "sha256:0cc9934238bce363ed8060745db01d81bc1a9985c11d0539c5cb23c0e483c7ac",
                "sha256:1b1ecf85c1b52f4f27e8a94a14c09ac9f2ba94a9d35bc51bcf3f80737d782e48",
                "sha256:1c337a280d8960366a69dfccc9bb17d6857f56f5cfb216f49a2d14059ab8ed0b",
                "sha256:1c6fbdf14e71315451e506d07c33f582c76e8670d7fd3bbc234903852655c074",
                "sha256:2a964a208a06530243682c9f8fec25579fcbcbbce80dc389fd91ad91c16382cc",
                "sha256:34ca808848c5764dfadcdfb812bc37f9a30b12ccf7bc9e67c8fa161ff6fae05f",
                "sha256:449ad761064fb1bf2a10ada9a0de15a6406a309016e8778976c86c3efc8710d3",
                "sha256:551d534921b1adfb4a7e7c886884ad0654d321ec4d43fb54d658ce2682a5be5d",
                "sha256:5fdeb0d83c3aaa34f98d84619780012948da1ebffb1caa1eace8e22d27de5017",
                "sha256:70a6b60ca202f34673d281a349153765a463fa44c81570280976c6f73a190806",
                "sha256:773634baaebb13ea2f49ccec451756c2ffbb58d6d4e1faa41c7dd79b215ef12b",
                "sha256:7b64b5a3744a3e3345c9c2d690234a7f9bd9975bcf4f9514ffada0abd1eccd75",
                "sha256:86e27d4626bce183dc92584370f95f71d60f4a505d49b2c3c08cbd7cf1118538",
                "sha256:8d895a217f5a09907de95e5d7bb52cafe023fa74a59a32a692bfd1bd22b25d81",
                "sha256:9061fdcfb2c7956b630162902d09956281df89e7ff0274875ce11226a96c8300",
                "sha256:92413d9150e32acd0a869489bdf7468cfeab5284120674b36150db5ee2d10047",
                "sha256:a744f11c3a3e2b823cf4200d5334a743566daa29ea5a4a47354ded6e2ddc2aaf",
                "sha256:ab8ac19cc3dd28c0a85aca65eb7a1ef6dd3fee56487bd3b5bf69cad64cb6a10c",
                "sha256:adb97c7d896481e208c8a0d227a9082121be43872810b113c510ff778b6cd06f",
                "sha256:b679c03dc4a5f0d330cb29b0b75ead52d11c0fd8f35e1f6974777412873e8824",
                "sha256:b87353727c19a246392c54564febb045f7e006a20ba074570d6c8ef54c3d65e7",
                "sha256:dfec4330d52b08336e361a67bf468de07c7035a05c1f9d76d585fc05cebaa683",
                "sha256:dff5fd82f696d696ea1f2a552870774bf648dd1fd8f51fe1799ea188e910ab83",
                "sha256:e2299eb481decc659779aa57fda4d7bc001b68eb7ef5f2e0595b34160bfbcacf",
                "sha256:e69e454f0daef591d72b42c02aca253df4ad4e9e494468d4b12e54a166f9207d",
                "sha256:f2f918caa044fc9cfc5c4ca05030b61d37a463206c25c9c2eb4af0c10740a547"
            ],
            "index": "pypi",
            "markers": "python_version >= '3.8'",
            "version": "==3.2.2"
        },
        "mujoco-mjx": {
            "hashes": [
                "sha256:3d054f065fbb123a2085ca523dae14dc109a6bc892a9fbe7ee535420fb1c4a86",
                "sha256:a7a471882bf00ef2118bce254a9c38279870467af94ca3f62ab5cfa1592c0229"
            ],
            "index": "pypi",
            "markers": "python_version >= '3.8'",
            "version": "==3.2.2"
        },
        "numpy": {
            "hashes": [
                "sha256:08458fbf403bff5e2b45f08eda195d4b0c9b35682311da5a5a0a0925b11b9bd8",
                "sha256:0fbb536eac80e27a2793ffd787895242b7f18ef792563d742c2d673bfcb75134",
                "sha256:12f5d865d60fb9734e60a60f1d5afa6d962d8d4467c120a1c0cda6eb2964437d",
                "sha256:15eb4eca47d36ec3f78cde0a3a2ee24cf05ca7396ef808dda2c0ddad7c2bde67",
                "sha256:173a00b9995f73b79eb0191129f2455f1e34c203f559dd118636858cc452a1bf",
                "sha256:1b902ce0e0a5bb7704556a217c4f63a7974f8f43e090aff03fcf262e0b135e02",
                "sha256:1f682ea61a88479d9498bf2091fdcd722b090724b08b31d63e022adc063bad59",
                "sha256:1f87fec1f9bc1efd23f4227becff04bd0e979e23ca50cc92ec88b38489db3b55",
                "sha256:24a0e1befbfa14615b49ba9659d3d8818a0f4d8a1c5822af8696706fbda7310c",
                "sha256:2c3a346ae20cfd80b6cfd3e60dc179963ef2ea58da5ec074fd3d9e7a1e7ba97f",
                "sha256:36d3a9405fd7c511804dc56fc32974fa5533bdeb3cd1604d6b8ff1d292b819c4",
                "sha256:3fdabe3e2a52bc4eff8dc7a5044342f8bd9f11ef0934fcd3289a788c0eb10018",
                "sha256:4127d4303b9ac9f94ca0441138acead39928938660ca58329fe156f84b9f3015",
                "sha256:4658c398d65d1b25e1760de3157011a80375da861709abd7cef3bad65d6543f9",
                "sha256:485b87235796410c3519a699cfe1faab097e509e90ebb05dcd098db2ae87e7b3",
                "sha256:529af13c5f4b7a932fb0e1911d3a75da204eff023ee5e0e79c1751564221a5c8",
                "sha256:5a3d94942c331dd4e0e1147f7a8699a4aa47dffc11bf8a1523c12af8b2e91bbe",
                "sha256:5daab361be6ddeb299a918a7c0864fa8618af66019138263247af405018b04e1",
                "sha256:61728fba1e464f789b11deb78a57805c70b2ed02343560456190d0501ba37b0f",
                "sha256:6790654cb13eab303d8402354fabd47472b24635700f631f041bd0b65e37298a",
                "sha256:69ff563d43c69b1baba77af455dd0a839df8d25e8590e79c90fcbe1499ebde42",
                "sha256:6bf4e6f4a2a2e26655717a1983ef6324f2664d7011f6ef7482e8c0b3d51e82ac",
                "sha256:6e4eeb6eb2fced786e32e6d8df9e755ce5be920d17f7ce00bc38fcde8ccdbf9e",
                "sha256:72dc22e9ec8f6eaa206deb1b1355eb2e253899d7347f5e2fae5f0af613741d06",
                "sha256:75b4e316c5902d8163ef9d423b1c3f2f6252226d1aa5cd8a0a03a7d01ffc6268",
                "sha256:7b9853803278db3bdcc6cd5beca37815b133e9e77ff3d4733c247414e78eb8d1",
                "sha256:7d6fddc5fe258d3328cd8e3d7d3e02234c5d70e01ebe377a6ab92adb14039cb4",
                "sha256:81b0893a39bc5b865b8bf89e9ad7807e16717f19868e9d234bdaf9b1f1393868",
                "sha256:8efc84f01c1cd7e34b3fb310183e72fcdf55293ee736d679b6d35b35d80bba26",
                "sha256:8fae4ebbf95a179c1156fab0b142b74e4ba4204c87bde8d3d8b6f9c34c5825ef",
                "sha256:99d0d92a5e3613c33a5f01db206a33f8fdf3d71f2912b0de1739894668b7a93b",
                "sha256:9adbd9bb520c866e1bfd7e10e1880a1f7749f1f6e5017686a5fbb9b72cf69f82",
                "sha256:a1e01dcaab205fbece13c1410253a9eea1b1c9b61d237b6fa59bcc46e8e89343",
                "sha256:a8fc2de81ad835d999113ddf87d1ea2b0f4704cbd947c948d2f5513deafe5a7b",
                "sha256:b83e16a5511d1b1f8a88cbabb1a6f6a499f82c062a4251892d9ad5d609863fb7",
                "sha256:bb2124fdc6e62baae159ebcfa368708867eb56806804d005860b6007388df171",
                "sha256:bfc085b28d62ff4009364e7ca34b80a9a080cbd97c2c0630bb5f7f770dae9414",
                "sha256:cbab9fc9c391700e3e1287666dfd82d8666d10e69a6c4a09ab97574c0b7ee0a7",
                "sha256:e5eeca8067ad04bc8a2a8731183d51d7cbaac66d86085d5f4766ee6bf19c7f87",
                "sha256:e9e81fa9017eaa416c056e5d9e71be93d05e2c3c2ab308d23307a8bc4443c368",
                "sha256:ea2326a4dca88e4a274ba3a4405eb6c6467d3ffbd8c7d38632502eaae3820587",
                "sha256:eacf3291e263d5a67d8c1a581a8ebbcfd6447204ef58828caf69a5e3e8c75990",
                "sha256:ec87f5f8aca726117a1c9b7083e7656a9d0d606eec7299cc067bb83d26f16e0c",
                "sha256:f1659887361a7151f89e79b276ed8dff3d75877df906328f14d8bb40bb4f5101",
                "sha256:f9cf5ea551aec449206954b075db819f52adc1638d46a6738253a712d553c7b4"
            ],
            "markers": "python_version >= '3.9'",
            "version": "==2.0.1"
        },
        "opt-einsum": {
            "hashes": [
                "sha256:2455e59e3947d3c275477df7f5205b30635e266fe6dc300e3d9f9646bfcea147",
                "sha256:59f6475f77bbc37dcf7cd748519c0ec60722e91e63ca114e68821c0c54a46549"
            ],
            "markers": "python_version >= '3.5'",
            "version": "==3.3.0"
        },
        "pyopengl": {
            "hashes": [
                "sha256:a6ab19cf290df6101aaf7470843a9c46207789855746399d0af92521a0a92b7a",
                "sha256:eef31a3888e6984fd4d8e6c9961b184c9813ca82604d37fe3da80eb000a76c86"
            ],
            "version": "==3.1.7"
        },
        "scipy": {
            "hashes": [
                "sha256:017367484ce5498445aade74b1d5ab377acdc65e27095155e448c88497755a5d",
                "sha256:095a87a0312b08dfd6a6155cbbd310a8c51800fc931b8c0b84003014b874ed3c",
                "sha256:20335853b85e9a49ff7572ab453794298bcf0354d8068c5f6775a0eabf350aca",
                "sha256:27e52b09c0d3a1d5b63e1105f24177e544a222b43611aaf5bc44d4a0979e32f9",
                "sha256:2831f0dc9c5ea9edd6e51e6e769b655f08ec6db6e2e10f86ef39bd32eb11da54",
                "sha256:2ac65fb503dad64218c228e2dc2d0a0193f7904747db43014645ae139c8fad16",
                "sha256:392e4ec766654852c25ebad4f64e4e584cf19820b980bc04960bca0b0cd6eaa2",
                "sha256:436bbb42a94a8aeef855d755ce5a465479c721e9d684de76bf61a62e7c2b81d5",
                "sha256:45484bee6d65633752c490404513b9ef02475b4284c4cfab0ef946def50b3f59",
                "sha256:54f430b00f0133e2224c3ba42b805bfd0086fe488835effa33fa291561932326",
                "sha256:5713f62f781eebd8d597eb3f88b8bf9274e79eeabf63afb4a737abc6c84ad37b",
                "sha256:5d72782f39716b2b3509cd7c33cdc08c96f2f4d2b06d51e52fb45a19ca0c86a1",
                "sha256:637e98dcf185ba7f8e663e122ebf908c4702420477ae52a04f9908707456ba4d",
                "sha256:8335549ebbca860c52bf3d02f80784e91a004b71b059e3eea9678ba994796a24",
                "sha256:949ae67db5fa78a86e8fa644b9a6b07252f449dcf74247108c50e1d20d2b4627",
                "sha256:a014c2b3697bde71724244f63de2476925596c24285c7a637364761f8710891c",
                "sha256:a78b4b3345f1b6f68a763c6e25c0c9a23a9fd0f39f5f3d200efe8feda560a5fa",
                "sha256:cdd7dacfb95fea358916410ec61bbc20440f7860333aee6d882bb8046264e949",
                "sha256:cfa31f1def5c819b19ecc3a8b52d28ffdcc7ed52bb20c9a7589669dd3c250989",
                "sha256:d533654b7d221a6a97304ab63c41c96473ff04459e404b83275b60aa8f4b7004",
                "sha256:d605e9c23906d1994f55ace80e0125c587f96c020037ea6aa98d01b4bd2e222f",
                "sha256:de3ade0e53bc1f21358aa74ff4830235d716211d7d077e340c7349bc3542e884",
                "sha256:e89369d27f9e7b0884ae559a3a956e77c02114cc60a6058b4e5011572eea9299",
                "sha256:eccfa1906eacc02de42d70ef4aecea45415f5be17e72b61bafcfd329bdc52e94",
                "sha256:f26264b282b9da0952a024ae34710c2aff7d27480ee91a2e82b7b7073c24722f"
            ],
            "markers": "python_version >= '3.9'",
            "version": "==1.13.1"
        },
        "trimesh": {
            "hashes": [
                "sha256:01c37ad32355dc4e5abca97f77ee6532f75fd5b42df567f0ce62132046b816ef",
                "sha256:5c53f6fe01e2fae357ad33b796dbfdb4eafeb2114354f46cf39608806114ecf8"
            ],
            "markers": "python_version >= '3.8'",
            "version": "==4.4.4"
        },
        "typeguard": {
            "hashes": [
                "sha256:00edaa8da3a133674796cf5ea87d9f4b4c367d77476e185e80251cc13dfbb8c4",
                "sha256:5e3e3be01e887e7eafae5af63d1f36c849aaa94e3a0112097312aabfa16284f1"
            ],
            "markers": "python_full_version >= '3.5.3'",
            "version": "==2.13.3"
        },
        "typing-extensions": {
            "hashes": [
                "sha256:04e5ca0351e0f3f85c6853954072df659d0d13fac324d0072316b67d7794700d",
                "sha256:1a7ead55c7e559dd4dee8856e3a88b41225abfe1ce8df57b7c13915fe121ffb8"
            ],
            "markers": "python_version >= '3.8'",
            "version": "==4.12.2"
        },
        "zipp": {
            "hashes": [
                "sha256:0145e43d89664cfe1a2e533adc75adafed82fe2da404b4bbb6b026c0157bdb31",
                "sha256:58da6168be89f0be59beb194da1250516fdaa062ccebd30127ac65d30045e10d"
            ],
            "version": "==3.20.0"
        }
    },
    "develop": {}
}
